// !$*UTF8*$!
{
	archiveVersion = 1;
	classes = {
	};
	objectVersion = 77;
	objects = {

/* Begin PBXBuildFile section */
		C332FFE02ECCDCAC00654D1A /* WidgetKit.framework in Frameworks */ = {isa = PBXBuildFile; fileRef = C332FFAD2ECCDC6200654D1A /* WidgetKit.framework */; };
		C332FFE12ECCDCAC00654D1A /* SwiftUI.framework in Frameworks */ = {isa = PBXBuildFile; fileRef = C332FFAF2ECCDC6200654D1A /* SwiftUI.framework */; };
		C332FFEC2ECCDCAD00654D1A /* VisionOSTCWidgetExtension.appex in Embed Foundation Extensions */ = {isa = PBXBuildFile; fileRef = C332FFDF2ECCDCAC00654D1A /* VisionOSTCWidgetExtension.appex */; settings = {ATTRIBUTES = (RemoveHeadersOnCopy, ); }; };
		C373CEA22EC97E6800DB7BB2 /* RealityKitContent in Frameworks */ = {isa = PBXBuildFile; productRef = C373CEA12EC97E6800DB7BB2 /* RealityKitContent */; };
/* End PBXBuildFile section */

/* Begin PBXContainerItemProxy section */
		C332FFEA2ECCDCAD00654D1A /* PBXContainerItemProxy */ = {
			isa = PBXContainerItemProxy;
			containerPortal = C373CE942EC97E6800DB7BB2 /* Project object */;
			proxyType = 1;
			remoteGlobalIDString = C332FFDE2ECCDCAC00654D1A;
			remoteInfo = VisionOSTCWidgetExtension;
		};
		C373CEAF2EC97E6900DB7BB2 /* PBXContainerItemProxy */ = {
			isa = PBXContainerItemProxy;
			containerPortal = C373CE942EC97E6800DB7BB2 /* Project object */;
			proxyType = 1;
			remoteGlobalIDString = C373CE9B2EC97E6800DB7BB2;
			remoteInfo = VisionOSTC;
		};
/* End PBXContainerItemProxy section */

/* Begin PBXCopyFilesBuildPhase section */
		C332FFC22ECCDC6300654D1A /* Embed Foundation Extensions */ = {
			isa = PBXCopyFilesBuildPhase;
			buildActionMask = 2147483647;
			dstPath = "";
			dstSubfolderSpec = 13;
			files = (
				C332FFEC2ECCDCAD00654D1A /* VisionOSTCWidgetExtension.appex in Embed Foundation Extensions */,
			);
			name = "Embed Foundation Extensions";
			runOnlyForDeploymentPostprocessing = 0;
		};
/* End PBXCopyFilesBuildPhase section */

/* Begin PBXFileReference section */
		C332FFAD2ECCDC6200654D1A /* WidgetKit.framework */ = {isa = PBXFileReference; lastKnownFileType = wrapper.framework; name = WidgetKit.framework; path = System/Library/Frameworks/WidgetKit.framework; sourceTree = SDKROOT; };
		C332FFAF2ECCDC6200654D1A /* SwiftUI.framework */ = {isa = PBXFileReference; lastKnownFileType = wrapper.framework; name = SwiftUI.framework; path = System/Library/Frameworks/SwiftUI.framework; sourceTree = SDKROOT; };
		C332FFDF2ECCDCAC00654D1A /* VisionOSTCWidgetExtension.appex */ = {isa = PBXFileReference; explicitFileType = "wrapper.app-extension"; includeInIndex = 0; path = VisionOSTCWidgetExtension.appex; sourceTree = BUILT_PRODUCTS_DIR; };
		C373CE9C2EC97E6800DB7BB2 /* VisionOSTC.app */ = {isa = PBXFileReference; explicitFileType = wrapper.application; includeInIndex = 0; path = VisionOSTC.app; sourceTree = BUILT_PRODUCTS_DIR; };
		C373CEA02EC97E6800DB7BB2 /* RealityKitContent */ = {isa = PBXFileReference; lastKnownFileType = wrapper; path = RealityKitContent; sourceTree = "<group>"; };
		C373CEAE2EC97E6900DB7BB2 /* VisionOSTCTests.xctest */ = {isa = PBXFileReference; explicitFileType = wrapper.cfbundle; includeInIndex = 0; path = VisionOSTCTests.xctest; sourceTree = BUILT_PRODUCTS_DIR; };
/* End PBXFileReference section */

/* Begin PBXFileSystemSynchronizedBuildFileExceptionSet section */
		C332FFF02ECCDCAD00654D1A /* Exceptions for "VisionOSTCWidget" folder in "VisionOSTCWidgetExtension" target */ = {
			isa = PBXFileSystemSynchronizedBuildFileExceptionSet;
			membershipExceptions = (
				Info.plist,
			);
			target = C332FFDE2ECCDCAC00654D1A /* VisionOSTCWidgetExtension */;
		};
		C373CEB42EC97E6900DB7BB2 /* Exceptions for "VisionOSTC" folder in "VisionOSTC" target */ = {
			isa = PBXFileSystemSynchronizedBuildFileExceptionSet;
			membershipExceptions = (
				Info.plist,
			);
			target = C373CE9B2EC97E6800DB7BB2 /* VisionOSTC */;
		};
/* End PBXFileSystemSynchronizedBuildFileExceptionSet section */

/* Begin PBXFileSystemSynchronizedRootGroup section */
		C332FFE22ECCDCAC00654D1A /* VisionOSTCWidget */ = {
			isa = PBXFileSystemSynchronizedRootGroup;
			exceptions = (
				C332FFF02ECCDCAD00654D1A /* Exceptions for "VisionOSTCWidget" folder in "VisionOSTCWidgetExtension" target */,
			);
			path = VisionOSTCWidget;
			sourceTree = "<group>";
		};
		C373CE9E2EC97E6800DB7BB2 /* VisionOSTC */ = {
			isa = PBXFileSystemSynchronizedRootGroup;
			exceptions = (
				C373CEB42EC97E6900DB7BB2 /* Exceptions for "VisionOSTC" folder in "VisionOSTC" target */,
			);
			path = VisionOSTC;
			sourceTree = "<group>";
		};
		C373CEB12EC97E6900DB7BB2 /* VisionOSTCTests */ = {
			isa = PBXFileSystemSynchronizedRootGroup;
			path = VisionOSTCTests;
			sourceTree = "<group>";
		};
/* End PBXFileSystemSynchronizedRootGroup section */

/* Begin PBXFrameworksBuildPhase section */
		C332FFDC2ECCDCAC00654D1A /* Frameworks */ = {
			isa = PBXFrameworksBuildPhase;
			buildActionMask = 2147483647;
			files = (
				C332FFE12ECCDCAC00654D1A /* SwiftUI.framework in Frameworks */,
				C332FFE02ECCDCAC00654D1A /* WidgetKit.framework in Frameworks */,
			);
			runOnlyForDeploymentPostprocessing = 0;
		};
		C373CE992EC97E6800DB7BB2 /* Frameworks */ = {
			isa = PBXFrameworksBuildPhase;
			buildActionMask = 2147483647;
			files = (
				C373CEA22EC97E6800DB7BB2 /* RealityKitContent in Frameworks */,
			);
			runOnlyForDeploymentPostprocessing = 0;
		};
		C373CEAB2EC97E6900DB7BB2 /* Frameworks */ = {
			isa = PBXFrameworksBuildPhase;
			buildActionMask = 2147483647;
			files = (
			);
			runOnlyForDeploymentPostprocessing = 0;
		};
/* End PBXFrameworksBuildPhase section */

/* Begin PBXGroup section */
		C332FFAC2ECCDC6200654D1A /* Frameworks */ = {
			isa = PBXGroup;
			children = (
				C332FFAD2ECCDC6200654D1A /* WidgetKit.framework */,
				C332FFAF2ECCDC6200654D1A /* SwiftUI.framework */,
			);
			name = Frameworks;
			sourceTree = "<group>";
		};
		C373CE932EC97E6800DB7BB2 = {
			isa = PBXGroup;
			children = (
				C373CE9E2EC97E6800DB7BB2 /* VisionOSTC */,
				C373CE9F2EC97E6800DB7BB2 /* Packages */,
				C373CEB12EC97E6900DB7BB2 /* VisionOSTCTests */,
				C332FFE22ECCDCAC00654D1A /* VisionOSTCWidget */,
				C332FFAC2ECCDC6200654D1A /* Frameworks */,
				C373CE9D2EC97E6800DB7BB2 /* Products */,
			);
			sourceTree = "<group>";
		};
		C373CE9D2EC97E6800DB7BB2 /* Products */ = {
			isa = PBXGroup;
			children = (
				C373CE9C2EC97E6800DB7BB2 /* VisionOSTC.app */,
				C373CEAE2EC97E6900DB7BB2 /* VisionOSTCTests.xctest */,
				C332FFDF2ECCDCAC00654D1A /* VisionOSTCWidgetExtension.appex */,
			);
			name = Products;
			sourceTree = "<group>";
		};
		C373CE9F2EC97E6800DB7BB2 /* Packages */ = {
			isa = PBXGroup;
			children = (
				C373CEA02EC97E6800DB7BB2 /* RealityKitContent */,
			);
			path = Packages;
			sourceTree = "<group>";
		};
/* End PBXGroup section */

/* Begin PBXNativeTarget section */
		C332FFDE2ECCDCAC00654D1A /* VisionOSTCWidgetExtension */ = {
			isa = PBXNativeTarget;
			buildConfigurationList = C332FFED2ECCDCAD00654D1A /* Build configuration list for PBXNativeTarget "VisionOSTCWidgetExtension" */;
			buildPhases = (
				C332FFDB2ECCDCAC00654D1A /* Sources */,
				C332FFDC2ECCDCAC00654D1A /* Frameworks */,
				C332FFDD2ECCDCAC00654D1A /* Resources */,
			);
			buildRules = (
			);
			dependencies = (
			);
			fileSystemSynchronizedGroups = (
				C332FFE22ECCDCAC00654D1A /* VisionOSTCWidget */,
			);
			name = VisionOSTCWidgetExtension;
			packageProductDependencies = (
			);
			productName = VisionOSTCWidgetExtension;
			productReference = C332FFDF2ECCDCAC00654D1A /* VisionOSTCWidgetExtension.appex */;
			productType = "com.apple.product-type.app-extension";
		};
		C373CE9B2EC97E6800DB7BB2 /* VisionOSTC */ = {
			isa = PBXNativeTarget;
			buildConfigurationList = C373CEB52EC97E6900DB7BB2 /* Build configuration list for PBXNativeTarget "VisionOSTC" */;
			buildPhases = (
				C373CE982EC97E6800DB7BB2 /* Sources */,
				C373CE992EC97E6800DB7BB2 /* Frameworks */,
				C373CE9A2EC97E6800DB7BB2 /* Resources */,
				C332FFC22ECCDC6300654D1A /* Embed Foundation Extensions */,
			);
			buildRules = (
			);
			dependencies = (
				C332FFEB2ECCDCAD00654D1A /* PBXTargetDependency */,
			);
			fileSystemSynchronizedGroups = (
				C373CE9E2EC97E6800DB7BB2 /* VisionOSTC */,
			);
			name = VisionOSTC;
			packageProductDependencies = (
				C373CEA12EC97E6800DB7BB2 /* RealityKitContent */,
			);
			productName = VisionOSTC;
			productReference = C373CE9C2EC97E6800DB7BB2 /* VisionOSTC.app */;
			productType = "com.apple.product-type.application";
		};
		C373CEAD2EC97E6900DB7BB2 /* VisionOSTCTests */ = {
			isa = PBXNativeTarget;
			buildConfigurationList = C373CEBA2EC97E6900DB7BB2 /* Build configuration list for PBXNativeTarget "VisionOSTCTests" */;
			buildPhases = (
				C373CEAA2EC97E6900DB7BB2 /* Sources */,
				C373CEAB2EC97E6900DB7BB2 /* Frameworks */,
				C373CEAC2EC97E6900DB7BB2 /* Resources */,
			);
			buildRules = (
			);
			dependencies = (
				C373CEB02EC97E6900DB7BB2 /* PBXTargetDependency */,
			);
			fileSystemSynchronizedGroups = (
				C373CEB12EC97E6900DB7BB2 /* VisionOSTCTests */,
			);
			name = VisionOSTCTests;
			packageProductDependencies = (
			);
			productName = VisionOSTCTests;
			productReference = C373CEAE2EC97E6900DB7BB2 /* VisionOSTCTests.xctest */;
			productType = "com.apple.product-type.bundle.unit-test";
		};
/* End PBXNativeTarget section */

/* Begin PBXProject section */
		C373CE942EC97E6800DB7BB2 /* Project object */ = {
			isa = PBXProject;
			attributes = {
				BuildIndependentTargetsInParallel = 1;
				LastSwiftUpdateCheck = 2610;
				LastUpgradeCheck = 2610;
				TargetAttributes = {
					C332FFDE2ECCDCAC00654D1A = {
						CreatedOnToolsVersion = 26.1.1;
					};
					C373CE9B2EC97E6800DB7BB2 = {
						CreatedOnToolsVersion = 26.1.1;
					};
					C373CEAD2EC97E6900DB7BB2 = {
						CreatedOnToolsVersion = 26.1.1;
						TestTargetID = C373CE9B2EC97E6800DB7BB2;
					};
				};
			};
			buildConfigurationList = C373CE972EC97E6800DB7BB2 /* Build configuration list for PBXProject "VisionOSTC" */;
			developmentRegion = en;
			hasScannedForEncodings = 0;
			knownRegions = (
				en,
				Base,
			);
			mainGroup = C373CE932EC97E6800DB7BB2;
			minimizedProjectReferenceProxies = 1;
			preferredProjectObjectVersion = 77;
			productRefGroup = C373CE9D2EC97E6800DB7BB2 /* Products */;
			projectDirPath = "";
			projectRoot = "";
			targets = (
				C373CE9B2EC97E6800DB7BB2 /* VisionOSTC */,
				C373CEAD2EC97E6900DB7BB2 /* VisionOSTCTests */,
				C332FFDE2ECCDCAC00654D1A /* VisionOSTCWidgetExtension */,
			);
		};
/* End PBXProject section */

/* Begin PBXResourcesBuildPhase section */
		C332FFDD2ECCDCAC00654D1A /* Resources */ = {
			isa = PBXResourcesBuildPhase;
			buildActionMask = 2147483647;
			files = (
			);
			runOnlyForDeploymentPostprocessing = 0;
		};
		C373CE9A2EC97E6800DB7BB2 /* Resources */ = {
			isa = PBXResourcesBuildPhase;
			buildActionMask = 2147483647;
			files = (
			);
			runOnlyForDeploymentPostprocessing = 0;
		};
		C373CEAC2EC97E6900DB7BB2 /* Resources */ = {
			isa = PBXResourcesBuildPhase;
			buildActionMask = 2147483647;
			files = (
			);
			runOnlyForDeploymentPostprocessing = 0;
		};
/* End PBXResourcesBuildPhase section */

/* Begin PBXSourcesBuildPhase section */
		C332FFDB2ECCDCAC00654D1A /* Sources */ = {
			isa = PBXSourcesBuildPhase;
			buildActionMask = 2147483647;
			files = (
			);
			runOnlyForDeploymentPostprocessing = 0;
		};
		C373CE982EC97E6800DB7BB2 /* Sources */ = {
			isa = PBXSourcesBuildPhase;
			buildActionMask = 2147483647;
			files = (
			);
			runOnlyForDeploymentPostprocessing = 0;
		};
		C373CEAA2EC97E6900DB7BB2 /* Sources */ = {
			isa = PBXSourcesBuildPhase;
			buildActionMask = 2147483647;
			files = (
			);
			runOnlyForDeploymentPostprocessing = 0;
		};
/* End PBXSourcesBuildPhase section */

/* Begin PBXTargetDependency section */
		C332FFEB2ECCDCAD00654D1A /* PBXTargetDependency */ = {
			isa = PBXTargetDependency;
			target = C332FFDE2ECCDCAC00654D1A /* VisionOSTCWidgetExtension */;
			targetProxy = C332FFEA2ECCDCAD00654D1A /* PBXContainerItemProxy */;
		};
		C373CEB02EC97E6900DB7BB2 /* PBXTargetDependency */ = {
			isa = PBXTargetDependency;
			target = C373CE9B2EC97E6800DB7BB2 /* VisionOSTC */;
			targetProxy = C373CEAF2EC97E6900DB7BB2 /* PBXContainerItemProxy */;
		};
/* End PBXTargetDependency section */

/* Begin XCBuildConfiguration section */
		C332FFEE2ECCDCAD00654D1A /* Debug */ = {
			isa = XCBuildConfiguration;
			buildSettings = {
				ASSETCATALOG_COMPILER_GLOBAL_ACCENT_COLOR_NAME = AccentColor;
				ASSETCATALOG_COMPILER_WIDGET_BACKGROUND_COLOR_NAME = WidgetBackground;
				CODE_SIGN_STYLE = Automatic;
				CURRENT_PROJECT_VERSION = 1;
				DEVELOPMENT_TEAM = 669226BDWM;
				GENERATE_INFOPLIST_FILE = YES;
				INFOPLIST_FILE = VisionOSTCWidget/Info.plist;
				INFOPLIST_KEY_CFBundleDisplayName = VisionOSTCWidget;
				INFOPLIST_KEY_NSHumanReadableCopyright = "";
				LD_RUNPATH_SEARCH_PATHS = (
					"$(inherited)",
					"@executable_path/Frameworks",
					"@executable_path/../../Frameworks",
				);
				MARKETING_VERSION = 1.0;
				PRODUCT_BUNDLE_IDENTIFIER = com.sugiy.VisionOSTC.VisionOSTCWidget;
				PRODUCT_NAME = "$(TARGET_NAME)";
				SKIP_INSTALL = YES;
				STRING_CATALOG_GENERATE_SYMBOLS = YES;
				SUPPORTED_PLATFORMS = "xros xrsimulator";
				SWIFT_APPROACHABLE_CONCURRENCY = YES;
				SWIFT_EMIT_LOC_STRINGS = YES;
				SWIFT_UPCOMING_FEATURE_MEMBER_IMPORT_VISIBILITY = YES;
				SWIFT_VERSION = 5.0;
				TARGETED_DEVICE_FAMILY = 7;
				XROS_DEPLOYMENT_TARGET = 26.0;
			};
			name = Debug;
		};
		C332FFEF2ECCDCAD00654D1A /* Release */ = {
			isa = XCBuildConfiguration;
			buildSettings = {
				ASSETCATALOG_COMPILER_GLOBAL_ACCENT_COLOR_NAME = AccentColor;
				ASSETCATALOG_COMPILER_WIDGET_BACKGROUND_COLOR_NAME = WidgetBackground;
				CODE_SIGN_STYLE = Automatic;
				CURRENT_PROJECT_VERSION = 1;
				DEVELOPMENT_TEAM = 669226BDWM;
				GENERATE_INFOPLIST_FILE = YES;
				INFOPLIST_FILE = VisionOSTCWidget/Info.plist;
				INFOPLIST_KEY_CFBundleDisplayName = VisionOSTCWidget;
				INFOPLIST_KEY_NSHumanReadableCopyright = "";
				LD_RUNPATH_SEARCH_PATHS = (
					"$(inherited)",
					"@executable_path/Frameworks",
					"@executable_path/../../Frameworks",
				);
				MARKETING_VERSION = 1.0;
				PRODUCT_BUNDLE_IDENTIFIER = com.sugiy.VisionOSTC.VisionOSTCWidget;
				PRODUCT_NAME = "$(TARGET_NAME)";
				SKIP_INSTALL = YES;
				STRING_CATALOG_GENERATE_SYMBOLS = YES;
				SUPPORTED_PLATFORMS = "xros xrsimulator";
				SWIFT_APPROACHABLE_CONCURRENCY = YES;
				SWIFT_EMIT_LOC_STRINGS = YES;
				SWIFT_UPCOMING_FEATURE_MEMBER_IMPORT_VISIBILITY = YES;
				SWIFT_VERSION = 5.0;
				TARGETED_DEVICE_FAMILY = 7;
				XROS_DEPLOYMENT_TARGET = 26.0;
			};
			name = Release;
		};
		C373CEB62EC97E6900DB7BB2 /* Debug */ = {
			isa = XCBuildConfiguration;
			buildSettings = {
				ASSETCATALOG_COMPILER_APPICON_NAME = AppIcon;
				ASSETCATALOG_COMPILER_GLOBAL_ACCENT_COLOR_NAME = AccentColor;
				CODE_SIGN_ENTITLEMENTS = VisionOSTC/VisionOSTC.entitlements;
				CODE_SIGN_STYLE = Automatic;
				CURRENT_PROJECT_VERSION = 1;
				DEVELOPMENT_TEAM = 669226BDWM;
				ENABLE_PREVIEWS = YES;
				GENERATE_INFOPLIST_FILE = YES;
				INFOPLIST_FILE = "$(TARGET_NAME)/Info.plist";
				LD_RUNPATH_SEARCH_PATHS = (
					"$(inherited)",
					"@executable_path/Frameworks",
				);
				MARKETING_VERSION = 1.0;
				PRODUCT_BUNDLE_IDENTIFIER = com.sugiy.VisionOSTC;
				PRODUCT_NAME = "$(TARGET_NAME)";
				STRING_CATALOG_GENERATE_SYMBOLS = YES;
				SUPPORTED_PLATFORMS = "xros xrsimulator";
				SWIFT_APPROACHABLE_CONCURRENCY = YES;
				SWIFT_DEFAULT_ACTOR_ISOLATION = MainActor;
				SWIFT_EMIT_LOC_STRINGS = YES;
				SWIFT_UPCOMING_FEATURE_MEMBER_IMPORT_VISIBILITY = YES;
				SWIFT_VERSION = 5.0;
				TARGETED_DEVICE_FAMILY = 7;
				XROS_DEPLOYMENT_TARGET = 26.0;
			};
			name = Debug;
		};
		C373CEB72EC97E6900DB7BB2 /* Release */ = {
			isa = XCBuildConfiguration;
			buildSettings = {
				ASSETCATALOG_COMPILER_APPICON_NAME = AppIcon;
				ASSETCATALOG_COMPILER_GLOBAL_ACCENT_COLOR_NAME = AccentColor;
				CODE_SIGN_ENTITLEMENTS = VisionOSTC/VisionOSTC.entitlements;
				CODE_SIGN_STYLE = Automatic;
				CURRENT_PROJECT_VERSION = 1;
				DEVELOPMENT_TEAM = 669226BDWM;
				ENABLE_PREVIEWS = YES;
				GENERATE_INFOPLIST_FILE = YES;
				INFOPLIST_FILE = "$(TARGET_NAME)/Info.plist";
				LD_RUNPATH_SEARCH_PATHS = (
					"$(inherited)",
					"@executable_path/Frameworks",
				);
				MARKETING_VERSION = 1.0;
				PRODUCT_BUNDLE_IDENTIFIER = com.sugiy.VisionOSTC;
				PRODUCT_NAME = "$(TARGET_NAME)";
				STRING_CATALOG_GENERATE_SYMBOLS = YES;
				SUPPORTED_PLATFORMS = "xros xrsimulator";
				SWIFT_APPROACHABLE_CONCURRENCY = YES;
				SWIFT_DEFAULT_ACTOR_ISOLATION = MainActor;
				SWIFT_EMIT_LOC_STRINGS = YES;
				SWIFT_UPCOMING_FEATURE_MEMBER_IMPORT_VISIBILITY = YES;
				SWIFT_VERSION = 5.0;
				TARGETED_DEVICE_FAMILY = 7;
				XROS_DEPLOYMENT_TARGET = 26.0;
			};
			name = Release;
		};
		C373CEB82EC97E6900DB7BB2 /* Debug */ = {
			isa = XCBuildConfiguration;
			buildSettings = {
				ALWAYS_SEARCH_USER_PATHS = NO;
				ASSETCATALOG_COMPILER_GENERATE_SWIFT_ASSET_SYMBOL_EXTENSIONS = YES;
				CLANG_ANALYZER_NONNULL = YES;
				CLANG_ANALYZER_NUMBER_OBJECT_CONVERSION = YES_AGGRESSIVE;
				CLANG_CXX_LANGUAGE_STANDARD = "gnu++20";
				CLANG_ENABLE_MODULES = YES;
				CLANG_ENABLE_OBJC_ARC = YES;
				CLANG_ENABLE_OBJC_WEAK = YES;
				CLANG_WARN_BLOCK_CAPTURE_AUTORELEASING = YES;
				CLANG_WARN_BOOL_CONVERSION = YES;
				CLANG_WARN_COMMA = YES;
				CLANG_WARN_CONSTANT_CONVERSION = YES;
				CLANG_WARN_DEPRECATED_OBJC_IMPLEMENTATIONS = YES;
				CLANG_WARN_DIRECT_OBJC_ISA_USAGE = YES_ERROR;
				CLANG_WARN_DOCUMENTATION_COMMENTS = YES;
				CLANG_WARN_EMPTY_BODY = YES;
				CLANG_WARN_ENUM_CONVERSION = YES;
				CLANG_WARN_INFINITE_RECURSION = YES;
				CLANG_WARN_INT_CONVERSION = YES;
				CLANG_WARN_NON_LITERAL_NULL_CONVERSION = YES;
				CLANG_WARN_OBJC_IMPLICIT_RETAIN_SELF = YES;
				CLANG_WARN_OBJC_LITERAL_CONVERSION = YES;
				CLANG_WARN_OBJC_ROOT_CLASS = YES_ERROR;
				CLANG_WARN_QUOTED_INCLUDE_IN_FRAMEWORK_HEADER = YES;
				CLANG_WARN_RANGE_LOOP_ANALYSIS = YES;
				CLANG_WARN_STRICT_PROTOTYPES = YES;
				CLANG_WARN_SUSPICIOUS_MOVE = YES;
				CLANG_WARN_UNGUARDED_AVAILABILITY = YES_AGGRESSIVE;
				CLANG_WARN_UNREACHABLE_CODE = YES;
				CLANG_WARN__DUPLICATE_METHOD_MATCH = YES;
				COPY_PHASE_STRIP = NO;
				DEBUG_INFORMATION_FORMAT = dwarf;
				DEVELOPMENT_TEAM = 669226BDWM;
				ENABLE_STRICT_OBJC_MSGSEND = YES;
				ENABLE_TESTABILITY = YES;
				ENABLE_USER_SCRIPT_SANDBOXING = YES;
				GCC_C_LANGUAGE_STANDARD = gnu17;
				GCC_DYNAMIC_NO_PIC = NO;
				GCC_NO_COMMON_BLOCKS = YES;
				GCC_OPTIMIZATION_LEVEL = 0;
				GCC_PREPROCESSOR_DEFINITIONS = (
					"DEBUG=1",
					"$(inherited)",
				);
				GCC_WARN_64_TO_32_BIT_CONVERSION = YES;
				GCC_WARN_ABOUT_RETURN_TYPE = YES_ERROR;
				GCC_WARN_UNDECLARED_SELECTOR = YES;
				GCC_WARN_UNINITIALIZED_AUTOS = YES_AGGRESSIVE;
				GCC_WARN_UNUSED_FUNCTION = YES;
				GCC_WARN_UNUSED_VARIABLE = YES;
				LOCALIZATION_PREFERS_STRING_CATALOGS = YES;
				MTL_ENABLE_DEBUG_INFO = INCLUDE_SOURCE;
				MTL_FAST_MATH = YES;
				ONLY_ACTIVE_ARCH = YES;
				SDKROOT = xros;
				SWIFT_ACTIVE_COMPILATION_CONDITIONS = "DEBUG $(inherited)";
				SWIFT_OPTIMIZATION_LEVEL = "-Onone";
				XROS_DEPLOYMENT_TARGET = 26.0;
			};
			name = Debug;
		};
		C373CEB92EC97E6900DB7BB2 /* Release */ = {
			isa = XCBuildConfiguration;
			buildSettings = {
				ALWAYS_SEARCH_USER_PATHS = NO;
				ASSETCATALOG_COMPILER_GENERATE_SWIFT_ASSET_SYMBOL_EXTENSIONS = YES;
				CLANG_ANALYZER_NONNULL = YES;
				CLANG_ANALYZER_NUMBER_OBJECT_CONVERSION = YES_AGGRESSIVE;
				CLANG_CXX_LANGUAGE_STANDARD = "gnu++20";
				CLANG_ENABLE_MODULES = YES;
				CLANG_ENABLE_OBJC_ARC = YES;
				CLANG_ENABLE_OBJC_WEAK = YES;
				CLANG_WARN_BLOCK_CAPTURE_AUTORELEASING = YES;
				CLANG_WARN_BOOL_CONVERSION = YES;
				CLANG_WARN_COMMA = YES;
				CLANG_WARN_CONSTANT_CONVERSION = YES;
				CLANG_WARN_DEPRECATED_OBJC_IMPLEMENTATIONS = YES;
				CLANG_WARN_DIRECT_OBJC_ISA_USAGE = YES_ERROR;
				CLANG_WARN_DOCUMENTATION_COMMENTS = YES;
				CLANG_WARN_EMPTY_BODY = YES;
				CLANG_WARN_ENUM_CONVERSION = YES;
				CLANG_WARN_INFINITE_RECURSION = YES;
				CLANG_WARN_INT_CONVERSION = YES;
				CLANG_WARN_NON_LITERAL_NULL_CONVERSION = YES;
				CLANG_WARN_OBJC_IMPLICIT_RETAIN_SELF = YES;
				CLANG_WARN_OBJC_LITERAL_CONVERSION = YES;
				CLANG_WARN_OBJC_ROOT_CLASS = YES_ERROR;
				CLANG_WARN_QUOTED_INCLUDE_IN_FRAMEWORK_HEADER = YES;
				CLANG_WARN_RANGE_LOOP_ANALYSIS = YES;
				CLANG_WARN_STRICT_PROTOTYPES = YES;
				CLANG_WARN_SUSPICIOUS_MOVE = YES;
				CLANG_WARN_UNGUARDED_AVAILABILITY = YES_AGGRESSIVE;
				CLANG_WARN_UNREACHABLE_CODE = YES;
				CLANG_WARN__DUPLICATE_METHOD_MATCH = YES;
				COPY_PHASE_STRIP = NO;
				DEBUG_INFORMATION_FORMAT = "dwarf-with-dsym";
				DEVELOPMENT_TEAM = 669226BDWM;
				ENABLE_NS_ASSERTIONS = NO;
				ENABLE_STRICT_OBJC_MSGSEND = YES;
				ENABLE_USER_SCRIPT_SANDBOXING = YES;
				GCC_C_LANGUAGE_STANDARD = gnu17;
				GCC_NO_COMMON_BLOCKS = YES;
				GCC_WARN_64_TO_32_BIT_CONVERSION = YES;
				GCC_WARN_ABOUT_RETURN_TYPE = YES_ERROR;
				GCC_WARN_UNDECLARED_SELECTOR = YES;
				GCC_WARN_UNINITIALIZED_AUTOS = YES_AGGRESSIVE;
				GCC_WARN_UNUSED_FUNCTION = YES;
				GCC_WARN_UNUSED_VARIABLE = YES;
				LOCALIZATION_PREFERS_STRING_CATALOGS = YES;
				MTL_ENABLE_DEBUG_INFO = NO;
				MTL_FAST_MATH = YES;
				SDKROOT = xros;
				SWIFT_COMPILATION_MODE = wholemodule;
				VALIDATE_PRODUCT = YES;
				XROS_DEPLOYMENT_TARGET = 26.0;
			};
			name = Release;
		};
		C373CEBB2EC97E6900DB7BB2 /* Debug */ = {
			isa = XCBuildConfiguration;
			buildSettings = {
				BUNDLE_LOADER = "$(TEST_HOST)";
				CODE_SIGN_STYLE = Automatic;
				CURRENT_PROJECT_VERSION = 1;
				DEVELOPMENT_TEAM = 669226BDWM;
				GENERATE_INFOPLIST_FILE = YES;
				MARKETING_VERSION = 1.0;
				PRODUCT_BUNDLE_IDENTIFIER = com.sugiy.VisionOSTCTests;
				PRODUCT_NAME = "$(TARGET_NAME)";
				STRING_CATALOG_GENERATE_SYMBOLS = NO;
				SUPPORTED_PLATFORMS = "xros xrsimulator";
				SWIFT_APPROACHABLE_CONCURRENCY = YES;
				SWIFT_EMIT_LOC_STRINGS = NO;
				SWIFT_UPCOMING_FEATURE_MEMBER_IMPORT_VISIBILITY = YES;
				SWIFT_VERSION = 5.0;
				TARGETED_DEVICE_FAMILY = 7;
				TEST_HOST = "$(BUILT_PRODUCTS_DIR)/VisionOSTC.app/$(BUNDLE_EXECUTABLE_FOLDER_PATH)/VisionOSTC";
				XROS_DEPLOYMENT_TARGET = 26.0;
			};
			name = Debug;
		};
		C373CEBC2EC97E6900DB7BB2 /* Release */ = {
			isa = XCBuildConfiguration;
			buildSettings = {
				BUNDLE_LOADER = "$(TEST_HOST)";
				CODE_SIGN_STYLE = Automatic;
				CURRENT_PROJECT_VERSION = 1;
				DEVELOPMENT_TEAM = 669226BDWM;
				GENERATE_INFOPLIST_FILE = YES;
				MARKETING_VERSION = 1.0;
				PRODUCT_BUNDLE_IDENTIFIER = com.sugiy.VisionOSTCTests;
				PRODUCT_NAME = "$(TARGET_NAME)";
				STRING_CATALOG_GENERATE_SYMBOLS = NO;
				SUPPORTED_PLATFORMS = "xros xrsimulator";
				SWIFT_APPROACHABLE_CONCURRENCY = YES;
				SWIFT_EMIT_LOC_STRINGS = NO;
				SWIFT_UPCOMING_FEATURE_MEMBER_IMPORT_VISIBILITY = YES;
				SWIFT_VERSION = 5.0;
				TARGETED_DEVICE_FAMILY = 7;
				TEST_HOST = "$(BUILT_PRODUCTS_DIR)/VisionOSTC.app/$(BUNDLE_EXECUTABLE_FOLDER_PATH)/VisionOSTC";
				XROS_DEPLOYMENT_TARGET = 26.0;
			};
			name = Release;
		};
/* End XCBuildConfiguration section */

/* Begin XCConfigurationList section */
		C332FFED2ECCDCAD00654D1A /* Build configuration list for PBXNativeTarget "VisionOSTCWidgetExtension" */ = {
			isa = XCConfigurationList;
			buildConfigurations = (
				C332FFEE2ECCDCAD00654D1A /* Debug */,
				C332FFEF2ECCDCAD00654D1A /* Release */,
			);
			defaultConfigurationIsVisible = 0;
			defaultConfigurationName = Release;
		};
		C373CE972EC97E6800DB7BB2 /* Build configuration list for PBXProject "VisionOSTC" */ = {
			isa = XCConfigurationList;
			buildConfigurations = (
				C373CEB82EC97E6900DB7BB2 /* Debug */,
				C373CEB92EC97E6900DB7BB2 /* Release */,
			);
			defaultConfigurationIsVisible = 0;
			defaultConfigurationName = Release;
		};
		C373CEB52EC97E6900DB7BB2 /* Build configuration list for PBXNativeTarget "VisionOSTC" */ = {
			isa = XCConfigurationList;
			buildConfigurations = (
				C373CEB62EC97E6900DB7BB2 /* Debug */,
				C373CEB72EC97E6900DB7BB2 /* Release */,
			);
			defaultConfigurationIsVisible = 0;
			defaultConfigurationName = Release;
		};
		C373CEBA2EC97E6900DB7BB2 /* Build configuration list for PBXNativeTarget "VisionOSTCTests" */ = {
			isa = XCConfigurationList;
			buildConfigurations = (
				C373CEBB2EC97E6900DB7BB2 /* Debug */,
				C373CEBC2EC97E6900DB7BB2 /* Release */,
			);
			defaultConfigurationIsVisible = 0;
			defaultConfigurationName = Release;
		};
/* End XCConfigurationList section */

/* Begin XCSwiftPackageProductDependency section */
		C373CEA12EC97E6800DB7BB2 /* RealityKitContent */ = {
			isa = XCSwiftPackageProductDependency;
			productName = RealityKitContent;
		};
/* End XCSwiftPackageProductDependency section */
	};
	rootObject = C373CE942EC97E6800DB7BB2 /* Project object */;
}
